
Microsoft Visual Studio Solution File, Format Version 12.00
# Visual Studio Version 17
VisualStudioVersion = 17.3.32901.215
MinimumVisualStudioVersion = 10.0.40219.1
Project("{FAE04EC0-301F-11D3-BF4B-00C04F79EFBC}") = "Snack_16-09-22", "Snack_16-09-22.csproj", "{B79F768F-B825-49FF-A26D-43A8F1453A88}"
EndProject
Global
	GlobalSection(SolutionConfigurationPlatforms) = preSolution
		Debug|Any CPU = Debug|Any CPU
		Release|Any CPU = Release|Any CPU
	EndGlobalSection
	GlobalSection(ProjectConfigurationPlatforms) = postSolution
		{B79F768F-B825-49FF-A26D-43A8F1453A88}.Debug|Any CPU.ActiveCfg = Debug|Any CPU
		{B79F768F-B825-49FF-A26D-43A8F1453A88}.Debug|Any CPU.Build.0 = Debug|Any CPU
		{B79F768F-B825-49FF-A26D-43A8F1453A88}.Release|Any CPU.ActiveCfg = Release|Any CPU
		{B79F768F-B825-49FF-A26D-43A8F1453A88}.Release|Any CPU.Build.0 = Release|Any CPU
	EndGlobalSection
	GlobalSection(SolutionProperties) = preSolution
		HideSolutionNode = FALSE
	EndGlobalSection
	GlobalSection(ExtensibilityGlobals) = postSolution
		SolutionGuid = {600B7667-24E3-47D3-8524-A9BD95D06542}
	EndGlobalSection
EndGlobal
